
Microsoft Visual Studio Solution File, Format Version 12.00
# Visual Studio Express 2012 for Web
Project("{FAE04EC0-301F-11D3-BF4B-00C04F79EFBC}") = "ARR.Core", "ARR.Core\ARR.Core.csproj", "{1292DC71-7A5C-409F-BFED-60D2C17F340E}"
EndProject
Project("{2150E333-8FDC-42A3-9474-1A3956D46DE8}") = "Tests", "Tests", "{88596FC9-9CAD-4A1A-8923-EF0D93B2FC42}"
EndProject
Project("{FAE04EC0-301F-11D3-BF4B-00C04F79EFBC}") = "ARR.API", "ARR.API\ARR.API.csproj", "{88B8A51D-0D65-489E-8AD4-63EECB1180A3}"
EndProject
Project("{FAE04EC0-301F-11D3-BF4B-00C04F79EFBC}") = "ARR.Notifications", "ARR.Notifications\ARR.Notifications.csproj", "{79A6E6C2-F1A7-48ED-97B8-BA4F64B6196D}"
EndProject
Project("{FAE04EC0-301F-11D3-BF4B-00C04F79EFBC}") = "ARR.Web", "ARR.Web\ARR.Web.csproj", "{F2B79767-E3F2-450A-BE34-94868AB14797}"
EndProject
Project("{FAE04EC0-301F-11D3-BF4B-00C04F79EFBC}") = "ARR.Data", "ARR.Data\ARR.Data.csproj", "{3B221EE1-E418-4DA6-B863-41AE9F5F13C9}"
EndProject
Project("{2150E333-8FDC-42A3-9474-1A3956D46DE8}") = ".nuget", ".nuget", "{671084B7-3913-4D78-AE93-A33A12EC9239}"
EndProject
Project("{FAE04EC0-301F-11D3-BF4B-00C04F79EFBC}") = "ARR.AccountManagement", "ARR.AccountManagement\ARR.AccountManagement.csproj", "{41A80FD8-FB44-4D57-B8A0-1D04DF0F7854}"
EndProject
Project("{FAE04EC0-301F-11D3-BF4B-00C04F79EFBC}") = "ARR.ReviewSessionManagement", "ARR.ReviewSessionManagement\ARR.ReviewSessionManagement.csproj", "{8D81BAC6-567A-4D18-8519-625FF2B4E3DE}"
EndProject
Project("{FAE04EC0-301F-11D3-BF4B-00C04F79EFBC}") = "ARR.Repository", "ARR.Repository\ARR.Repository.csproj", "{85F45A1A-D695-44A9-B6F9-05FB6940C022}"
EndProject
Project("{FAE04EC0-301F-11D3-BF4B-00C04F79EFBC}") = "ARR.IntegrationTests", "ARR.IntegrationTests\ARR.IntegrationTests.csproj", "{81A7A7EB-FB25-4813-9F33-127DB9896AED}"
EndProject
Project("{FAE04EC0-301F-11D3-BF4B-00C04F79EFBC}") = "ARR.Tests.Unit", "ARR.Tests.Unit\ARR.Tests.Unit.csproj", "{8B09577A-1161-4512-9F41-2E3B1049252F}"
EndProject
Project("{FAE04EC0-301F-11D3-BF4B-00C04F79EFBC}") = "ARR.Tests.Integration", "ARR.Tests.Integration\ARR.Tests.Integration.csproj", "{5DFCC22C-1DE7-45E1-BE1A-971B987B000A}"
EndProject
Global
	GlobalSection(SolutionConfigurationPlatforms) = preSolution
		Debug|Any CPU = Debug|Any CPU
		Release|Any CPU = Release|Any CPU
	EndGlobalSection
	GlobalSection(ProjectConfigurationPlatforms) = postSolution
		{1292DC71-7A5C-409F-BFED-60D2C17F340E}.Debug|Any CPU.ActiveCfg = Debug|Any CPU
		{1292DC71-7A5C-409F-BFED-60D2C17F340E}.Debug|Any CPU.Build.0 = Debug|Any CPU
		{1292DC71-7A5C-409F-BFED-60D2C17F340E}.Release|Any CPU.ActiveCfg = Release|Any CPU
		{1292DC71-7A5C-409F-BFED-60D2C17F340E}.Release|Any CPU.Build.0 = Release|Any CPU
		{88B8A51D-0D65-489E-8AD4-63EECB1180A3}.Debug|Any CPU.ActiveCfg = Debug|Any CPU
		{88B8A51D-0D65-489E-8AD4-63EECB1180A3}.Debug|Any CPU.Build.0 = Debug|Any CPU
		{88B8A51D-0D65-489E-8AD4-63EECB1180A3}.Release|Any CPU.ActiveCfg = Release|Any CPU
		{88B8A51D-0D65-489E-8AD4-63EECB1180A3}.Release|Any CPU.Build.0 = Release|Any CPU
		{79A6E6C2-F1A7-48ED-97B8-BA4F64B6196D}.Debug|Any CPU.ActiveCfg = Debug|Any CPU
		{79A6E6C2-F1A7-48ED-97B8-BA4F64B6196D}.Debug|Any CPU.Build.0 = Debug|Any CPU
		{79A6E6C2-F1A7-48ED-97B8-BA4F64B6196D}.Release|Any CPU.ActiveCfg = Release|Any CPU
		{79A6E6C2-F1A7-48ED-97B8-BA4F64B6196D}.Release|Any CPU.Build.0 = Release|Any CPU
		{F2B79767-E3F2-450A-BE34-94868AB14797}.Debug|Any CPU.ActiveCfg = Debug|Any CPU
		{F2B79767-E3F2-450A-BE34-94868AB14797}.Debug|Any CPU.Build.0 = Debug|Any CPU
		{F2B79767-E3F2-450A-BE34-94868AB14797}.Release|Any CPU.ActiveCfg = Release|Any CPU
		{F2B79767-E3F2-450A-BE34-94868AB14797}.Release|Any CPU.Build.0 = Release|Any CPU
		{3B221EE1-E418-4DA6-B863-41AE9F5F13C9}.Debug|Any CPU.ActiveCfg = Debug|Any CPU
		{3B221EE1-E418-4DA6-B863-41AE9F5F13C9}.Debug|Any CPU.Build.0 = Debug|Any CPU
		{3B221EE1-E418-4DA6-B863-41AE9F5F13C9}.Release|Any CPU.ActiveCfg = Release|Any CPU
		{3B221EE1-E418-4DA6-B863-41AE9F5F13C9}.Release|Any CPU.Build.0 = Release|Any CPU
		{41A80FD8-FB44-4D57-B8A0-1D04DF0F7854}.Debug|Any CPU.ActiveCfg = Debug|Any CPU
		{41A80FD8-FB44-4D57-B8A0-1D04DF0F7854}.Debug|Any CPU.Build.0 = Debug|Any CPU
		{41A80FD8-FB44-4D57-B8A0-1D04DF0F7854}.Release|Any CPU.ActiveCfg = Release|Any CPU
		{41A80FD8-FB44-4D57-B8A0-1D04DF0F7854}.Release|Any CPU.Build.0 = Release|Any CPU
		{8D81BAC6-567A-4D18-8519-625FF2B4E3DE}.Debug|Any CPU.ActiveCfg = Debug|Any CPU
		{8D81BAC6-567A-4D18-8519-625FF2B4E3DE}.Debug|Any CPU.Build.0 = Debug|Any CPU
		{8D81BAC6-567A-4D18-8519-625FF2B4E3DE}.Release|Any CPU.ActiveCfg = Release|Any CPU
		{8D81BAC6-567A-4D18-8519-625FF2B4E3DE}.Release|Any CPU.Build.0 = Release|Any CPU
		{85F45A1A-D695-44A9-B6F9-05FB6940C022}.Debug|Any CPU.ActiveCfg = Debug|Any CPU
		{85F45A1A-D695-44A9-B6F9-05FB6940C022}.Debug|Any CPU.Build.0 = Debug|Any CPU
		{85F45A1A-D695-44A9-B6F9-05FB6940C022}.Release|Any CPU.ActiveCfg = Release|Any CPU
		{85F45A1A-D695-44A9-B6F9-05FB6940C022}.Release|Any CPU.Build.0 = Release|Any CPU
		{81A7A7EB-FB25-4813-9F33-127DB9896AED}.Debug|Any CPU.ActiveCfg = Debug|Any CPU
		{81A7A7EB-FB25-4813-9F33-127DB9896AED}.Debug|Any CPU.Build.0 = Debug|Any CPU
		{81A7A7EB-FB25-4813-9F33-127DB9896AED}.Release|Any CPU.ActiveCfg = Release|Any CPU
		{81A7A7EB-FB25-4813-9F33-127DB9896AED}.Release|Any CPU.Build.0 = Release|Any CPU
		{8B09577A-1161-4512-9F41-2E3B1049252F}.Debug|Any CPU.ActiveCfg = Debug|Any CPU
		{8B09577A-1161-4512-9F41-2E3B1049252F}.Debug|Any CPU.Build.0 = Debug|Any CPU
		{8B09577A-1161-4512-9F41-2E3B1049252F}.Release|Any CPU.ActiveCfg = Release|Any CPU
		{8B09577A-1161-4512-9F41-2E3B1049252F}.Release|Any CPU.Build.0 = Release|Any CPU
		{5DFCC22C-1DE7-45E1-BE1A-971B987B000A}.Debug|Any CPU.ActiveCfg = Debug|Any CPU
		{5DFCC22C-1DE7-45E1-BE1A-971B987B000A}.Debug|Any CPU.Build.0 = Debug|Any CPU
		{5DFCC22C-1DE7-45E1-BE1A-971B987B000A}.Release|Any CPU.ActiveCfg = Release|Any CPU
		{5DFCC22C-1DE7-45E1-BE1A-971B987B000A}.Release|Any CPU.Build.0 = Release|Any CPU
	EndGlobalSection
	GlobalSection(SolutionProperties) = preSolution
		HideSolutionNode = FALSE
	EndGlobalSection
	GlobalSection(NestedProjects) = preSolution
		{81A7A7EB-FB25-4813-9F33-127DB9896AED} = {88596FC9-9CAD-4A1A-8923-EF0D93B2FC42}
		{8B09577A-1161-4512-9F41-2E3B1049252F} = {88596FC9-9CAD-4A1A-8923-EF0D93B2FC42}
		{5DFCC22C-1DE7-45E1-BE1A-971B987B000A} = {88596FC9-9CAD-4A1A-8923-EF0D93B2FC42}
	EndGlobalSection
EndGlobal
